
Microsoft Visual Studio Solution File, Format Version 12.00
# Visual Studio 15
VisualStudioVersion = 15.0.28307.902
MinimumVisualStudioVersion = 10.0.40219.1
Project("{FAE04EC0-301F-11D3-BF4B-00C04F79EFBC}") = "ejemploMVC", "ejemploMVC\ejemploMVC.csproj", "{ED3C34DE-180B-4FCD-B880-7CB975A8AE98}"
EndProject
Global
	GlobalSection(SolutionConfigurationPlatforms) = preSolution
		Debug|Any CPU = Debug|Any CPU
		Release|Any CPU = Release|Any CPU
	EndGlobalSection
	GlobalSection(ProjectConfigurationPlatforms) = postSolution
		{ED3C34DE-180B-4FCD-B880-7CB975A8AE98}.Debug|Any CPU.ActiveCfg = Debug|Any CPU
		{ED3C34DE-180B-4FCD-B880-7CB975A8AE98}.Debug|Any CPU.Build.0 = Debug|Any CPU
		{ED3C34DE-180B-4FCD-B880-7CB975A8AE98}.Release|Any CPU.ActiveCfg = Release|Any CPU
		{ED3C34DE-180B-4FCD-B880-7CB975A8AE98}.Release|Any CPU.Build.0 = Release|Any CPU
	EndGlobalSection
	GlobalSection(SolutionProperties) = preSolution
		HideSolutionNode = FALSE
	EndGlobalSection
	GlobalSection(ExtensibilityGlobals) = postSolution
		SolutionGuid = {33D56AFE-AAD4-47DA-876F-3A986B49A71B}
	EndGlobalSection
EndGlobal
